
Microsoft Visual Studio Solution File, Format Version 12.00
# Visual Studio 14
VisualStudioVersion = 14.0.25123.0
MinimumVisualStudioVersion = 10.0.40219.1
Project("{FAE04EC0-301F-11D3-BF4B-00C04F79EFBC}") = "FirstExam", "FirstExam\FirstExam.csproj", "{31A49A3A-71E5-4B89-8DB2-F73C410400BC}"
EndProject
Global
	GlobalSection(SolutionConfigurationPlatforms) = preSolution
		Debug|Any CPU = Debug|Any CPU
		Release|Any CPU = Release|Any CPU
	EndGlobalSection
	GlobalSection(ProjectConfigurationPlatforms) = postSolution
		{31A49A3A-71E5-4B89-8DB2-F73C410400BC}.Debug|Any CPU.ActiveCfg = Debug|Any CPU
		{31A49A3A-71E5-4B89-8DB2-F73C410400BC}.Debug|Any CPU.Build.0 = Debug|Any CPU
		{31A49A3A-71E5-4B89-8DB2-F73C410400BC}.Release|Any CPU.ActiveCfg = Release|Any CPU
		{31A49A3A-71E5-4B89-8DB2-F73C410400BC}.Release|Any CPU.Build.0 = Release|Any CPU
	EndGlobalSection
	GlobalSection(SolutionProperties) = preSolution
		HideSolutionNode = FALSE
	EndGlobalSection
EndGlobal
